
Microsoft Visual Studio Solution File, Format Version 12.00
# Visual Studio Version 17
VisualStudioVersion = 17.7.34009.444
MinimumVisualStudioVersion = 10.0.40219.1
Project("{FAE04EC0-301F-11D3-BF4B-00C04F79EFBC}") = "CosmosKernel2", "CosmosKernel2\CosmosKernel2.csproj", "{27A25618-9B29-4EE4-8912-B76F0C16FB22}"
EndProject
Global
	GlobalSection(SolutionConfigurationPlatforms) = preSolution
		Debug|Any CPU = Debug|Any CPU
		Release|Any CPU = Release|Any CPU
	EndGlobalSection
	GlobalSection(ProjectConfigurationPlatforms) = postSolution
		{27A25618-9B29-4EE4-8912-B76F0C16FB22}.Debug|Any CPU.ActiveCfg = Debug|Any CPU
		{27A25618-9B29-4EE4-8912-B76F0C16FB22}.Debug|Any CPU.Build.0 = Debug|Any CPU
		{27A25618-9B29-4EE4-8912-B76F0C16FB22}.Release|Any CPU.ActiveCfg = Release|Any CPU
		{27A25618-9B29-4EE4-8912-B76F0C16FB22}.Release|Any CPU.Build.0 = Release|Any CPU
	EndGlobalSection
	GlobalSection(SolutionProperties) = preSolution
		HideSolutionNode = FALSE
	EndGlobalSection
	GlobalSection(ExtensibilityGlobals) = postSolution
		SolutionGuid = {36850D45-5461-4C71-8778-42DEF5B5E73E}
	EndGlobalSection
EndGlobal
